// !$*UTF8*$!
{
	archiveVersion = 1;
	classes = {
	};
	objectVersion = 56;
	objects = {

/* Begin PBXBuildFile section */
		8A147AE42A72CB7E006135E7 /* org.png in Resources */ = {isa = PBXBuildFile; fileRef = 8A147AE32A72CB7E006135E7 /* org.png */; };
		8A147AE72A72D2D9006135E7 /* OrganizationListViewModelTests.swift in Sources */ = {isa = PBXBuildFile; fileRef = 8A147AE62A72D2D9006135E7 /* OrganizationListViewModelTests.swift */; };
		8A147AEB2A730FBA006135E7 /* SearchOrganizationsUseCase.swift in Sources */ = {isa = PBXBuildFile; fileRef = 8A147AEA2A730FBA006135E7 /* SearchOrganizationsUseCase.swift */; };
		8A147AED2A7311DA006135E7 /* BrowserApiSearchOrganizationsUseCase.swift in Sources */ = {isa = PBXBuildFile; fileRef = 8A147AEC2A7311DA006135E7 /* BrowserApiSearchOrganizationsUseCase.swift */; };
		8A147AEF2A73168B006135E7 /* OrganizationListItemViewModel.swift in Sources */ = {isa = PBXBuildFile; fileRef = 8A147AEE2A73168B006135E7 /* OrganizationListItemViewModel.swift */; };
		8A16AD262A71BA9E0015F6D9 /* Browsr Lib in Frameworks */ = {isa = PBXBuildFile; productRef = 8A16AD252A71BA9E0015F6D9 /* Browsr Lib */; };
		8A16AD292A71D1D80015F6D9 /* BrowserApiFetchOrganizationsUseCase.swift in Sources */ = {isa = PBXBuildFile; fileRef = 8A16AD282A71D1D80015F6D9 /* BrowserApiFetchOrganizationsUseCase.swift */; };
		8A16AD2D2A71D3580015F6D9 /* FetchOrganizationsUseCase.swift in Sources */ = {isa = PBXBuildFile; fileRef = 8A16AD2C2A71D3580015F6D9 /* FetchOrganizationsUseCase.swift */; };
		8A4E5F632A718BA700242AA8 /* Browsr_AppApp.swift in Sources */ = {isa = PBXBuildFile; fileRef = 8A4E5F622A718BA700242AA8 /* Browsr_AppApp.swift */; };
		8A4E5F652A718BA700242AA8 /* OrganizationList.swift in Sources */ = {isa = PBXBuildFile; fileRef = 8A4E5F642A718BA700242AA8 /* OrganizationList.swift */; };
		8A4E5F672A718BA800242AA8 /* Assets.xcassets in Resources */ = {isa = PBXBuildFile; fileRef = 8A4E5F662A718BA800242AA8 /* Assets.xcassets */; };
		8A4E5F6A2A718BA800242AA8 /* Preview Assets.xcassets in Resources */ = {isa = PBXBuildFile; fileRef = 8A4E5F692A718BA800242AA8 /* Preview Assets.xcassets */; };
		8A4E5F8F2A71A53500242AA8 /* OrganizationListViewModel.swift in Sources */ = {isa = PBXBuildFile; fileRef = 8A4E5F8E2A71A53500242AA8 /* OrganizationListViewModel.swift */; };
		8A4E5F912A71A98600242AA8 /* OrganizationListItem.swift in Sources */ = {isa = PBXBuildFile; fileRef = 8A4E5F902A71A98600242AA8 /* OrganizationListItem.swift */; };
/* End PBXBuildFile section */

/* Begin PBXContainerItemProxy section */
		8A4E5F702A718BA800242AA8 /* PBXContainerItemProxy */ = {
			isa = PBXContainerItemProxy;
			containerPortal = 8A4E5F572A718BA700242AA8 /* Project object */;
			proxyType = 1;
			remoteGlobalIDString = 8A4E5F5E2A718BA700242AA8;
			remoteInfo = "Browsr App";
		};
/* End PBXContainerItemProxy section */

/* Begin PBXFileReference section */
		8A147AE32A72CB7E006135E7 /* org.png */ = {isa = PBXFileReference; lastKnownFileType = image.png; path = org.png; sourceTree = "<group>"; };
		8A147AE62A72D2D9006135E7 /* OrganizationListViewModelTests.swift */ = {isa = PBXFileReference; lastKnownFileType = sourcecode.swift; path = OrganizationListViewModelTests.swift; sourceTree = "<group>"; };
		8A147AE82A72DB5D006135E7 /* Browsr App.xctestplan */ = {isa = PBXFileReference; lastKnownFileType = text; path = "Browsr App.xctestplan"; sourceTree = "<group>"; };
		8A147AEA2A730FBA006135E7 /* SearchOrganizationsUseCase.swift */ = {isa = PBXFileReference; lastKnownFileType = sourcecode.swift; path = SearchOrganizationsUseCase.swift; sourceTree = "<group>"; };
		8A147AEC2A7311DA006135E7 /* BrowserApiSearchOrganizationsUseCase.swift */ = {isa = PBXFileReference; lastKnownFileType = sourcecode.swift; path = BrowserApiSearchOrganizationsUseCase.swift; sourceTree = "<group>"; };
		8A147AEE2A73168B006135E7 /* OrganizationListItemViewModel.swift */ = {isa = PBXFileReference; lastKnownFileType = sourcecode.swift; path = OrganizationListItemViewModel.swift; sourceTree = "<group>"; };
		8A16AD282A71D1D80015F6D9 /* BrowserApiFetchOrganizationsUseCase.swift */ = {isa = PBXFileReference; lastKnownFileType = sourcecode.swift; path = BrowserApiFetchOrganizationsUseCase.swift; sourceTree = "<group>"; };
		8A16AD2C2A71D3580015F6D9 /* FetchOrganizationsUseCase.swift */ = {isa = PBXFileReference; lastKnownFileType = sourcecode.swift; path = FetchOrganizationsUseCase.swift; sourceTree = "<group>"; };
		8A4E5F5F2A718BA700242AA8 /* Browsr App.app */ = {isa = PBXFileReference; explicitFileType = wrapper.application; includeInIndex = 0; path = "Browsr App.app"; sourceTree = BUILT_PRODUCTS_DIR; };
		8A4E5F622A718BA700242AA8 /* Browsr_AppApp.swift */ = {isa = PBXFileReference; lastKnownFileType = sourcecode.swift; path = Browsr_AppApp.swift; sourceTree = "<group>"; };
		8A4E5F642A718BA700242AA8 /* OrganizationList.swift */ = {isa = PBXFileReference; lastKnownFileType = sourcecode.swift; path = OrganizationList.swift; sourceTree = "<group>"; };
		8A4E5F662A718BA800242AA8 /* Assets.xcassets */ = {isa = PBXFileReference; lastKnownFileType = folder.assetcatalog; path = Assets.xcassets; sourceTree = "<group>"; };
		8A4E5F692A718BA800242AA8 /* Preview Assets.xcassets */ = {isa = PBXFileReference; lastKnownFileType = folder.assetcatalog; path = "Preview Assets.xcassets"; sourceTree = "<group>"; };
		8A4E5F6F2A718BA800242AA8 /* Browsr AppTests.xctest */ = {isa = PBXFileReference; explicitFileType = wrapper.cfbundle; includeInIndex = 0; path = "Browsr AppTests.xctest"; sourceTree = BUILT_PRODUCTS_DIR; };
		8A4E5F8E2A71A53500242AA8 /* OrganizationListViewModel.swift */ = {isa = PBXFileReference; lastKnownFileType = sourcecode.swift; path = OrganizationListViewModel.swift; sourceTree = "<group>"; };
		8A4E5F902A71A98600242AA8 /* OrganizationListItem.swift */ = {isa = PBXFileReference; lastKnownFileType = sourcecode.swift; path = OrganizationListItem.swift; sourceTree = "<group>"; };
/* End PBXFileReference section */

/* Begin PBXFrameworksBuildPhase section */
		8A4E5F5C2A718BA700242AA8 /* Frameworks */ = {
			isa = PBXFrameworksBuildPhase;
			buildActionMask = 2147483647;
			files = (
				8A16AD262A71BA9E0015F6D9 /* Browsr Lib in Frameworks */,
			);
			runOnlyForDeploymentPostprocessing = 0;
		};
		8A4E5F6C2A718BA800242AA8 /* Frameworks */ = {
			isa = PBXFrameworksBuildPhase;
			buildActionMask = 2147483647;
			files = (
			);
			runOnlyForDeploymentPostprocessing = 0;
		};
/* End PBXFrameworksBuildPhase section */

/* Begin PBXGroup section */
		8A147AE52A72CBCA006135E7 /* Resources */ = {
			isa = PBXGroup;
			children = (
				8A147AE32A72CB7E006135E7 /* org.png */,
			);
			path = Resources;
			sourceTree = "<group>";
		};
		8A147AE92A730FA5006135E7 /* SearchOrganizations */ = {
			isa = PBXGroup;
			children = (
				8A147AEA2A730FBA006135E7 /* SearchOrganizationsUseCase.swift */,
				8A147AEC2A7311DA006135E7 /* BrowserApiSearchOrganizationsUseCase.swift */,
			);
			path = SearchOrganizations;
			sourceTree = "<group>";
		};
		8A147AF02A7316BA006135E7 /* ListItem */ = {
			isa = PBXGroup;
			children = (
				8A4E5F902A71A98600242AA8 /* OrganizationListItem.swift */,
				8A4E5F8E2A71A53500242AA8 /* OrganizationListViewModel.swift */,
			);
			path = ListItem;
			sourceTree = "<group>";
		};
		8A16AD272A71D1B10015F6D9 /* UseCases */ = {
			isa = PBXGroup;
			children = (
				8A147AE92A730FA5006135E7 /* SearchOrganizations */,
				8A16AD2A2A71D32E0015F6D9 /* FetchOrganizations */,
			);
			path = UseCases;
			sourceTree = "<group>";
		};
		8A16AD2A2A71D32E0015F6D9 /* FetchOrganizations */ = {
			isa = PBXGroup;
			children = (
				8A16AD2C2A71D3580015F6D9 /* FetchOrganizationsUseCase.swift */,
				8A16AD282A71D1D80015F6D9 /* BrowserApiFetchOrganizationsUseCase.swift */,
			);
			path = FetchOrganizations;
			sourceTree = "<group>";
		};
		8A4E5F562A718BA700242AA8 = {
			isa = PBXGroup;
			children = (
				8A147AE82A72DB5D006135E7 /* Browsr App.xctestplan */,
				8A4E5F612A718BA700242AA8 /* Browsr App */,
				8A4E5F722A718BA800242AA8 /* Browsr AppTests */,
				8A4E5F602A718BA700242AA8 /* Products */,
			);
			sourceTree = "<group>";
		};
		8A4E5F602A718BA700242AA8 /* Products */ = {
			isa = PBXGroup;
			children = (
				8A4E5F5F2A718BA700242AA8 /* Browsr App.app */,
				8A4E5F6F2A718BA800242AA8 /* Browsr AppTests.xctest */,
			);
			name = Products;
			sourceTree = "<group>";
		};
		8A4E5F612A718BA700242AA8 /* Browsr App */ = {
			isa = PBXGroup;
			children = (
				8A16AD272A71D1B10015F6D9 /* UseCases */,
				8A4E5F8C2A71A50A00242AA8 /* Scenes */,
				8A4E5F622A718BA700242AA8 /* Browsr_AppApp.swift */,
				8A4E5F662A718BA800242AA8 /* Assets.xcassets */,
				8A4E5F682A718BA800242AA8 /* Preview Content */,
			);
			path = "Browsr App";
			sourceTree = "<group>";
		};
		8A4E5F682A718BA800242AA8 /* Preview Content */ = {
			isa = PBXGroup;
			children = (
				8A4E5F692A718BA800242AA8 /* Preview Assets.xcassets */,
			);
			path = "Preview Content";
			sourceTree = "<group>";
		};
		8A4E5F722A718BA800242AA8 /* Browsr AppTests */ = {
			isa = PBXGroup;
			children = (
				8A147AE52A72CBCA006135E7 /* Resources */,
				8A147AE62A72D2D9006135E7 /* OrganizationListViewModelTests.swift */,
			);
			path = "Browsr AppTests";
			sourceTree = "<group>";
		};
		8A4E5F8C2A71A50A00242AA8 /* Scenes */ = {
			isa = PBXGroup;
			children = (
				8A4E5F8D2A71A51500242AA8 /* List */,
			);
			path = Scenes;
			sourceTree = "<group>";
		};
		8A4E5F8D2A71A51500242AA8 /* List */ = {
			isa = PBXGroup;
			children = (
				8A147AF02A7316BA006135E7 /* ListItem */,
				8A4E5F642A718BA700242AA8 /* OrganizationList.swift */,
				8A147AEE2A73168B006135E7 /* OrganizationListItemViewModel.swift */,
			);
			path = List;
			sourceTree = "<group>";
		};
/* End PBXGroup section */

/* Begin PBXNativeTarget section */
		8A4E5F5E2A718BA700242AA8 /* Browsr App */ = {
			isa = PBXNativeTarget;
			buildConfigurationList = 8A4E5F832A718BA800242AA8 /* Build configuration list for PBXNativeTarget "Browsr App" */;
			buildPhases = (
				8A4E5F5B2A718BA700242AA8 /* Sources */,
				8A4E5F5C2A718BA700242AA8 /* Frameworks */,
				8A4E5F5D2A718BA700242AA8 /* Resources */,
			);
			buildRules = (
			);
			dependencies = (
			);
			name = "Browsr App";
			packageProductDependencies = (
				8A16AD252A71BA9E0015F6D9 /* Browsr Lib */,
			);
			productName = "Browsr App";
			productReference = 8A4E5F5F2A718BA700242AA8 /* Browsr App.app */;
			productType = "com.apple.product-type.application";
		};
		8A4E5F6E2A718BA800242AA8 /* Browsr AppTests */ = {
			isa = PBXNativeTarget;
			buildConfigurationList = 8A4E5F862A718BA800242AA8 /* Build configuration list for PBXNativeTarget "Browsr AppTests" */;
			buildPhases = (
				8A4E5F6B2A718BA800242AA8 /* Sources */,
				8A4E5F6C2A718BA800242AA8 /* Frameworks */,
				8A4E5F6D2A718BA800242AA8 /* Resources */,
			);
			buildRules = (
			);
			dependencies = (
				8A4E5F712A718BA800242AA8 /* PBXTargetDependency */,
			);
			name = "Browsr AppTests";
			productName = "Browsr AppTests";
			productReference = 8A4E5F6F2A718BA800242AA8 /* Browsr AppTests.xctest */;
			productType = "com.apple.product-type.bundle.unit-test";
		};
/* End PBXNativeTarget section */

/* Begin PBXProject section */
		8A4E5F572A718BA700242AA8 /* Project object */ = {
			isa = PBXProject;
			attributes = {
				BuildIndependentTargetsInParallel = 1;
				LastSwiftUpdateCheck = 1430;
				LastUpgradeCheck = 1430;
				TargetAttributes = {
					8A4E5F5E2A718BA700242AA8 = {
						CreatedOnToolsVersion = 14.3.1;
					};
					8A4E5F6E2A718BA800242AA8 = {
						CreatedOnToolsVersion = 14.3.1;
						LastSwiftMigration = 1430;
						TestTargetID = 8A4E5F5E2A718BA700242AA8;
					};
				};
			};
			buildConfigurationList = 8A4E5F5A2A718BA700242AA8 /* Build configuration list for PBXProject "Browsr App" */;
			compatibilityVersion = "Xcode 14.0";
			developmentRegion = en;
			hasScannedForEncodings = 0;
			knownRegions = (
				en,
				Base,
			);
			mainGroup = 8A4E5F562A718BA700242AA8;
			packageReferences = (
				8A16AD242A71BA9E0015F6D9 /* XCRemoteSwiftPackageReference "BrowsrLib" */,
			);
			productRefGroup = 8A4E5F602A718BA700242AA8 /* Products */;
			projectDirPath = "";
			projectRoot = "";
			targets = (
				8A4E5F5E2A718BA700242AA8 /* Browsr App */,
				8A4E5F6E2A718BA800242AA8 /* Browsr AppTests */,
			);
		};
/* End PBXProject section */

/* Begin PBXResourcesBuildPhase section */
		8A4E5F5D2A718BA700242AA8 /* Resources */ = {
			isa = PBXResourcesBuildPhase;
			buildActionMask = 2147483647;
			files = (
				8A4E5F6A2A718BA800242AA8 /* Preview Assets.xcassets in Resources */,
				8A4E5F672A718BA800242AA8 /* Assets.xcassets in Resources */,
			);
			runOnlyForDeploymentPostprocessing = 0;
		};
		8A4E5F6D2A718BA800242AA8 /* Resources */ = {
			isa = PBXResourcesBuildPhase;
			buildActionMask = 2147483647;
			files = (
				8A147AE42A72CB7E006135E7 /* org.png in Resources */,
			);
			runOnlyForDeploymentPostprocessing = 0;
		};
/* End PBXResourcesBuildPhase section */

/* Begin PBXSourcesBuildPhase section */
		8A4E5F5B2A718BA700242AA8 /* Sources */ = {
			isa = PBXSourcesBuildPhase;
			buildActionMask = 2147483647;
			files = (
				8A4E5F912A71A98600242AA8 /* OrganizationListItem.swift in Sources */,
				8A4E5F652A718BA700242AA8 /* OrganizationList.swift in Sources */,
				8A4E5F632A718BA700242AA8 /* Browsr_AppApp.swift in Sources */,
				8A147AEB2A730FBA006135E7 /* SearchOrganizationsUseCase.swift in Sources */,
				8A16AD2D2A71D3580015F6D9 /* FetchOrganizationsUseCase.swift in Sources */,
				8A147AED2A7311DA006135E7 /* BrowserApiSearchOrganizationsUseCase.swift in Sources */,
				8A4E5F8F2A71A53500242AA8 /* OrganizationListViewModel.swift in Sources */,
				8A16AD292A71D1D80015F6D9 /* BrowserApiFetchOrganizationsUseCase.swift in Sources */,
				8A147AEF2A73168B006135E7 /* OrganizationListItemViewModel.swift in Sources */,
			);
			runOnlyForDeploymentPostprocessing = 0;
		};
		8A4E5F6B2A718BA800242AA8 /* Sources */ = {
			isa = PBXSourcesBuildPhase;
			buildActionMask = 2147483647;
			files = (
				8A147AE72A72D2D9006135E7 /* OrganizationListViewModelTests.swift in Sources */,
			);
			runOnlyForDeploymentPostprocessing = 0;
		};
/* End PBXSourcesBuildPhase section */

/* Begin PBXTargetDependency section */
		8A4E5F712A718BA800242AA8 /* PBXTargetDependency */ = {
			isa = PBXTargetDependency;
			target = 8A4E5F5E2A718BA700242AA8 /* Browsr App */;
			targetProxy = 8A4E5F702A718BA800242AA8 /* PBXContainerItemProxy */;
		};
/* End PBXTargetDependency section */

/* Begin XCBuildConfiguration section */
		8A4E5F812A718BA800242AA8 /* Debug */ = {
			isa = XCBuildConfiguration;
			buildSettings = {
				ALWAYS_SEARCH_USER_PATHS = NO;
				CLANG_ANALYZER_NONNULL = YES;
				CLANG_ANALYZER_NUMBER_OBJECT_CONVERSION = YES_AGGRESSIVE;
				CLANG_CXX_LANGUAGE_STANDARD = "gnu++20";
				CLANG_ENABLE_MODULES = YES;
				CLANG_ENABLE_OBJC_ARC = YES;
				CLANG_ENABLE_OBJC_WEAK = YES;
				CLANG_WARN_BLOCK_CAPTURE_AUTORELEASING = YES;
				CLANG_WARN_BOOL_CONVERSION = YES;
				CLANG_WARN_COMMA = YES;
				CLANG_WARN_CONSTANT_CONVERSION = YES;
				CLANG_WARN_DEPRECATED_OBJC_IMPLEMENTATIONS = YES;
				CLANG_WARN_DIRECT_OBJC_ISA_USAGE = YES_ERROR;
				CLANG_WARN_DOCUMENTATION_COMMENTS = YES;
				CLANG_WARN_EMPTY_BODY = YES;
				CLANG_WARN_ENUM_CONVERSION = YES;
				CLANG_WARN_INFINITE_RECURSION = YES;
				CLANG_WARN_INT_CONVERSION = YES;
				CLANG_WARN_NON_LITERAL_NULL_CONVERSION = YES;
				CLANG_WARN_OBJC_IMPLICIT_RETAIN_SELF = YES;
				CLANG_WARN_OBJC_LITERAL_CONVERSION = YES;
				CLANG_WARN_OBJC_ROOT_CLASS = YES_ERROR;
				CLANG_WARN_QUOTED_INCLUDE_IN_FRAMEWORK_HEADER = YES;
				CLANG_WARN_RANGE_LOOP_ANALYSIS = YES;
				CLANG_WARN_STRICT_PROTOTYPES = YES;
				CLANG_WARN_SUSPICIOUS_MOVE = YES;
				CLANG_WARN_UNGUARDED_AVAILABILITY = YES_AGGRESSIVE;
				CLANG_WARN_UNREACHABLE_CODE = YES;
				CLANG_WARN__DUPLICATE_METHOD_MATCH = YES;
				COPY_PHASE_STRIP = NO;
				DEBUG_INFORMATION_FORMAT = dwarf;
				ENABLE_STRICT_OBJC_MSGSEND = YES;
				ENABLE_TESTABILITY = YES;
				GCC_C_LANGUAGE_STANDARD = gnu11;
				GCC_DYNAMIC_NO_PIC = NO;
				GCC_NO_COMMON_BLOCKS = YES;
				GCC_OPTIMIZATION_LEVEL = 0;
				GCC_PREPROCESSOR_DEFINITIONS = (
					"DEBUG=1",
					"$(inherited)",
				);
				GCC_WARN_64_TO_32_BIT_CONVERSION = YES;
				GCC_WARN_ABOUT_RETURN_TYPE = YES_ERROR;
				GCC_WARN_UNDECLARED_SELECTOR = YES;
				GCC_WARN_UNINITIALIZED_AUTOS = YES_AGGRESSIVE;
				GCC_WARN_UNUSED_FUNCTION = YES;
				GCC_WARN_UNUSED_VARIABLE = YES;
				IPHONEOS_DEPLOYMENT_TARGET = 16.4;
				MTL_ENABLE_DEBUG_INFO = INCLUDE_SOURCE;
				MTL_FAST_MATH = YES;
				ONLY_ACTIVE_ARCH = YES;
				SDKROOT = iphoneos;
				SWIFT_ACTIVE_COMPILATION_CONDITIONS = DEBUG;
				SWIFT_OPTIMIZATION_LEVEL = "-Onone";
			};
			name = Debug;
		};
		8A4E5F822A718BA800242AA8 /* Release */ = {
			isa = XCBuildConfiguration;
			buildSettings = {
				ALWAYS_SEARCH_USER_PATHS = NO;
				CLANG_ANALYZER_NONNULL = YES;
				CLANG_ANALYZER_NUMBER_OBJECT_CONVERSION = YES_AGGRESSIVE;
				CLANG_CXX_LANGUAGE_STANDARD = "gnu++20";
				CLANG_ENABLE_MODULES = YES;
				CLANG_ENABLE_OBJC_ARC = YES;
				CLANG_ENABLE_OBJC_WEAK = YES;
				CLANG_WARN_BLOCK_CAPTURE_AUTORELEASING = YES;
				CLANG_WARN_BOOL_CONVERSION = YES;
				CLANG_WARN_COMMA = YES;
				CLANG_WARN_CONSTANT_CONVERSION = YES;
				CLANG_WARN_DEPRECATED_OBJC_IMPLEMENTATIONS = YES;
				CLANG_WARN_DIRECT_OBJC_ISA_USAGE = YES_ERROR;
				CLANG_WARN_DOCUMENTATION_COMMENTS = YES;
				CLANG_WARN_EMPTY_BODY = YES;
				CLANG_WARN_ENUM_CONVERSION = YES;
				CLANG_WARN_INFINITE_RECURSION = YES;
				CLANG_WARN_INT_CONVERSION = YES;
				CLANG_WARN_NON_LITERAL_NULL_CONVERSION = YES;
				CLANG_WARN_OBJC_IMPLICIT_RETAIN_SELF = YES;
				CLANG_WARN_OBJC_LITERAL_CONVERSION = YES;
				CLANG_WARN_OBJC_ROOT_CLASS = YES_ERROR;
				CLANG_WARN_QUOTED_INCLUDE_IN_FRAMEWORK_HEADER = YES;
				CLANG_WARN_RANGE_LOOP_ANALYSIS = YES;
				CLANG_WARN_STRICT_PROTOTYPES = YES;
				CLANG_WARN_SUSPICIOUS_MOVE = YES;
				CLANG_WARN_UNGUARDED_AVAILABILITY = YES_AGGRESSIVE;
				CLANG_WARN_UNREACHABLE_CODE = YES;
				CLANG_WARN__DUPLICATE_METHOD_MATCH = YES;
				COPY_PHASE_STRIP = NO;
				DEBUG_INFORMATION_FORMAT = "dwarf-with-dsym";
				ENABLE_NS_ASSERTIONS = NO;
				ENABLE_STRICT_OBJC_MSGSEND = YES;
				GCC_C_LANGUAGE_STANDARD = gnu11;
				GCC_NO_COMMON_BLOCKS = YES;
				GCC_WARN_64_TO_32_BIT_CONVERSION = YES;
				GCC_WARN_ABOUT_RETURN_TYPE = YES_ERROR;
				GCC_WARN_UNDECLARED_SELECTOR = YES;
				GCC_WARN_UNINITIALIZED_AUTOS = YES_AGGRESSIVE;
				GCC_WARN_UNUSED_FUNCTION = YES;
				GCC_WARN_UNUSED_VARIABLE = YES;
				IPHONEOS_DEPLOYMENT_TARGET = 16.4;
				MTL_ENABLE_DEBUG_INFO = NO;
				MTL_FAST_MATH = YES;
				SDKROOT = iphoneos;
				SWIFT_COMPILATION_MODE = wholemodule;
				SWIFT_OPTIMIZATION_LEVEL = "-O";
				VALIDATE_PRODUCT = YES;
			};
			name = Release;
		};
		8A4E5F842A718BA800242AA8 /* Debug */ = {
			isa = XCBuildConfiguration;
			buildSettings = {
				ASSETCATALOG_COMPILER_APPICON_NAME = AppIcon;
				ASSETCATALOG_COMPILER_GLOBAL_ACCENT_COLOR_NAME = AccentColor;
				CODE_SIGN_STYLE = Automatic;
				CURRENT_PROJECT_VERSION = 1;
				DEVELOPMENT_ASSET_PATHS = "\"Browsr App/Preview Content\"";
				DEVELOPMENT_TEAM = JC4QT73C9E;
				ENABLE_PREVIEWS = YES;
				GENERATE_INFOPLIST_FILE = YES;
				INFOPLIST_KEY_UIApplicationSceneManifest_Generation = YES;
				INFOPLIST_KEY_UIApplicationSupportsIndirectInputEvents = YES;
				INFOPLIST_KEY_UILaunchScreen_Generation = YES;
				INFOPLIST_KEY_UISupportedInterfaceOrientations_iPad = "UIInterfaceOrientationPortrait UIInterfaceOrientationPortraitUpsideDown UIInterfaceOrientationLandscapeLeft UIInterfaceOrientationLandscapeRight";
				INFOPLIST_KEY_UISupportedInterfaceOrientations_iPhone = "UIInterfaceOrientationPortrait UIInterfaceOrientationLandscapeLeft UIInterfaceOrientationLandscapeRight";
				LD_RUNPATH_SEARCH_PATHS = (
					"$(inherited)",
					"@executable_path/Frameworks",
				);
				MARKETING_VERSION = 1.0;
				PRODUCT_BUNDLE_IDENTIFIER = "com.thryve.Browsr-App";
				PRODUCT_NAME = "$(TARGET_NAME)";
				SWIFT_EMIT_LOC_STRINGS = YES;
				SWIFT_VERSION = 5.0;
				TARGETED_DEVICE_FAMILY = "1,2";
			};
			name = Debug;
		};
		8A4E5F852A718BA800242AA8 /* Release */ = {
			isa = XCBuildConfiguration;
			buildSettings = {
				ASSETCATALOG_COMPILER_APPICON_NAME = AppIcon;
				ASSETCATALOG_COMPILER_GLOBAL_ACCENT_COLOR_NAME = AccentColor;
				CODE_SIGN_STYLE = Automatic;
				CURRENT_PROJECT_VERSION = 1;
				DEVELOPMENT_ASSET_PATHS = "\"Browsr App/Preview Content\"";
				DEVELOPMENT_TEAM = JC4QT73C9E;
				ENABLE_PREVIEWS = YES;
				GENERATE_INFOPLIST_FILE = YES;
				INFOPLIST_KEY_UIApplicationSceneManifest_Generation = YES;
				INFOPLIST_KEY_UIApplicationSupportsIndirectInputEvents = YES;
				INFOPLIST_KEY_UILaunchScreen_Generation = YES;
				INFOPLIST_KEY_UISupportedInterfaceOrientations_iPad = "UIInterfaceOrientationPortrait UIInterfaceOrientationPortraitUpsideDown UIInterfaceOrientationLandscapeLeft UIInterfaceOrientationLandscapeRight";
				INFOPLIST_KEY_UISupportedInterfaceOrientations_iPhone = "UIInterfaceOrientationPortrait UIInterfaceOrientationLandscapeLeft UIInterfaceOrientationLandscapeRight";
				LD_RUNPATH_SEARCH_PATHS = (
					"$(inherited)",
					"@executable_path/Frameworks",
				);
				MARKETING_VERSION = 1.0;
				PRODUCT_BUNDLE_IDENTIFIER = "com.thryve.Browsr-App";
				PRODUCT_NAME = "$(TARGET_NAME)";
				SWIFT_EMIT_LOC_STRINGS = YES;
				SWIFT_VERSION = 5.0;
				TARGETED_DEVICE_FAMILY = "1,2";
			};
			name = Release;
		};
		8A4E5F872A718BA800242AA8 /* Debug */ = {
			isa = XCBuildConfiguration;
			buildSettings = {
				ALWAYS_EMBED_SWIFT_STANDARD_LIBRARIES = YES;
				BUNDLE_LOADER = "$(TEST_HOST)";
				CLANG_ENABLE_MODULES = YES;
				CODE_SIGN_STYLE = Automatic;
				CURRENT_PROJECT_VERSION = 1;
				DEVELOPMENT_TEAM = JC4QT73C9E;
				GENERATE_INFOPLIST_FILE = YES;
				IPHONEOS_DEPLOYMENT_TARGET = 16.4;
				MARKETING_VERSION = 1.0;
				PRODUCT_BUNDLE_IDENTIFIER = "com.thryve.Browsr-AppTests";
				PRODUCT_NAME = "$(TARGET_NAME)";
				SWIFT_EMIT_LOC_STRINGS = NO;
				SWIFT_OPTIMIZATION_LEVEL = "-Onone";
				SWIFT_VERSION = 5.0;
				TARGETED_DEVICE_FAMILY = "1,2";
				TEST_HOST = "$(BUILT_PRODUCTS_DIR)/Browsr App.app/$(BUNDLE_EXECUTABLE_FOLDER_PATH)/Browsr App";
			};
			name = Debug;
		};
		8A4E5F882A718BA800242AA8 /* Release */ = {
			isa = XCBuildConfiguration;
			buildSettings = {
				ALWAYS_EMBED_SWIFT_STANDARD_LIBRARIES = YES;
				BUNDLE_LOADER = "$(TEST_HOST)";
				CLANG_ENABLE_MODULES = YES;
				CODE_SIGN_STYLE = Automatic;
				CURRENT_PROJECT_VERSION = 1;
				DEVELOPMENT_TEAM = JC4QT73C9E;
				GENERATE_INFOPLIST_FILE = YES;
				IPHONEOS_DEPLOYMENT_TARGET = 16.4;
				MARKETING_VERSION = 1.0;
				PRODUCT_BUNDLE_IDENTIFIER = "com.thryve.Browsr-AppTests";
				PRODUCT_NAME = "$(TARGET_NAME)";
				SWIFT_EMIT_LOC_STRINGS = NO;
				SWIFT_VERSION = 5.0;
				TARGETED_DEVICE_FAMILY = "1,2";
				TEST_HOST = "$(BUILT_PRODUCTS_DIR)/Browsr App.app/$(BUNDLE_EXECUTABLE_FOLDER_PATH)/Browsr App";
			};
			name = Release;
		};
/* End XCBuildConfiguration section */

/* Begin XCConfigurationList section */
		8A4E5F5A2A718BA700242AA8 /* Build configuration list for PBXProject "Browsr App" */ = {
			isa = XCConfigurationList;
			buildConfigurations = (
				8A4E5F812A718BA800242AA8 /* Debug */,
				8A4E5F822A718BA800242AA8 /* Release */,
			);
			defaultConfigurationIsVisible = 0;
			defaultConfigurationName = Release;
		};
		8A4E5F832A718BA800242AA8 /* Build configuration list for PBXNativeTarget "Browsr App" */ = {
			isa = XCConfigurationList;
			buildConfigurations = (
				8A4E5F842A718BA800242AA8 /* Debug */,
				8A4E5F852A718BA800242AA8 /* Release */,
			);
			defaultConfigurationIsVisible = 0;
			defaultConfigurationName = Release;
		};
		8A4E5F862A718BA800242AA8 /* Build configuration list for PBXNativeTarget "Browsr AppTests" */ = {
			isa = XCConfigurationList;
			buildConfigurations = (
				8A4E5F872A718BA800242AA8 /* Debug */,
				8A4E5F882A718BA800242AA8 /* Release */,
			);
			defaultConfigurationIsVisible = 0;
			defaultConfigurationName = Release;
		};
/* End XCConfigurationList section */

/* Begin XCRemoteSwiftPackageReference section */
		8A16AD242A71BA9E0015F6D9 /* XCRemoteSwiftPackageReference "BrowsrLib" */ = {
			isa = XCRemoteSwiftPackageReference;
			repositoryURL = "https://github.com/leo1mml/BrowsrLib";
			requirement = {
				branch = main;
				kind = branch;
			};
		};
/* End XCRemoteSwiftPackageReference section */

/* Begin XCSwiftPackageProductDependency section */
		8A16AD252A71BA9E0015F6D9 /* Browsr Lib */ = {
			isa = XCSwiftPackageProductDependency;
			package = 8A16AD242A71BA9E0015F6D9 /* XCRemoteSwiftPackageReference "BrowsrLib" */;
			productName = "Browsr Lib";
		};
/* End XCSwiftPackageProductDependency section */
	};
	rootObject = 8A4E5F572A718BA700242AA8 /* Project object */;
}
